
Microsoft Visual Studio Solution File, Format Version 12.00
# Visual Studio 15
VisualStudioVersion = 15.0.26430.14
MinimumVisualStudioVersion = 10.0.40219.1
Project("{FAE04EC0-301F-11D3-BF4B-00C04F79EFBC}") = "Projeto01", "Projeto01\Projeto01.csproj", "{BCE825EA-F6F7-41E1-948F-F669F4B5179D}"
EndProject
Global
	GlobalSection(SolutionConfigurationPlatforms) = preSolution
		Debug|Any CPU = Debug|Any CPU
		Release|Any CPU = Release|Any CPU
	EndGlobalSection
	GlobalSection(ProjectConfigurationPlatforms) = postSolution
		{BCE825EA-F6F7-41E1-948F-F669F4B5179D}.Debug|Any CPU.ActiveCfg = Debug|Any CPU
		{BCE825EA-F6F7-41E1-948F-F669F4B5179D}.Debug|Any CPU.Build.0 = Debug|Any CPU
		{BCE825EA-F6F7-41E1-948F-F669F4B5179D}.Release|Any CPU.ActiveCfg = Release|Any CPU
		{BCE825EA-F6F7-41E1-948F-F669F4B5179D}.Release|Any CPU.Build.0 = Release|Any CPU
	EndGlobalSection
	GlobalSection(SolutionProperties) = preSolution
		HideSolutionNode = FALSE
	EndGlobalSection
EndGlobal
