
Microsoft Visual Studio Solution File, Format Version 12.00
# Visual Studio 15
VisualStudioVersion = 15.0.26228.4
MinimumVisualStudioVersion = 10.0.40219.1
Project("{2150E333-8FDC-42A3-9474-1A3956D46DE8}") = "0 - Modelagem de entidades", "0 - Modelagem de entidades", "{94BD6383-F3A5-4464-9AF7-BF476A5AA4A8}"
EndProject
Project("{2150E333-8FDC-42A3-9474-1A3956D46DE8}") = "1 - Sistema", "1 - Sistema", "{35FD5D2D-CBA8-4C33-BC4E-5F823E702A5A}"
EndProject
Project("{2150E333-8FDC-42A3-9474-1A3956D46DE8}") = "1.1 - Camada de Apresentação", "1.1 - Camada de Apresentação", "{12302D0C-6909-4ED0-B9BF-814EDB304520}"
EndProject
Project("{2150E333-8FDC-42A3-9474-1A3956D46DE8}") = "1.2 - Camada de Regras de Negócio", "1.2 - Camada de Regras de Negócio", "{64997614-1215-4117-A55D-A17D047CFC6B}"
EndProject
Project("{2150E333-8FDC-42A3-9474-1A3956D46DE8}") = "1.3 - Camada de Acesso a dados", "1.3 - Camada de Acesso a dados", "{72CACE66-558E-49AD-9664-49D75574A2B1}"
EndProject
Project("{FAE04EC0-301F-11D3-BF4B-00C04F79EFBC}") = "Projeto.Entities", "Projeto.Entities\Projeto.Entities.csproj", "{61D8E812-76DB-4A0D-A35F-753D4634FD52}"
EndProject
Project("{FAE04EC0-301F-11D3-BF4B-00C04F79EFBC}") = "Projeto.WEB", "Projeto.WEB\Projeto.WEB.csproj", "{B15E823B-15B7-47B0-A605-F149CAC90829}"
EndProject
Project("{FAE04EC0-301F-11D3-BF4B-00C04F79EFBC}") = "Projeto.DAL", "Projeto.DAL\Projeto.DAL.csproj", "{5D54D0C8-A170-42CB-BB5B-0A6002F727AA}"
EndProject
Project("{FAE04EC0-301F-11D3-BF4B-00C04F79EFBC}") = "Projeto.BLL", "Projeto.BLL\Projeto.BLL.csproj", "{CEC53098-488F-4EE7-BD90-62C56DAB6F81}"
EndProject
Project("{2150E333-8FDC-42A3-9474-1A3956D46DE8}") = "2 - Utilitários", "2 - Utilitários", "{302DCDA8-D99C-4CDF-A678-4E15617E3FE8}"
EndProject
Project("{FAE04EC0-301F-11D3-BF4B-00C04F79EFBC}") = "Projeto.Util", "Projeto.Util\Projeto.Util.csproj", "{31CF8EC2-9F1B-416A-99DE-FF3484712C93}"
EndProject
Project("{FAE04EC0-301F-11D3-BF4B-00C04F79EFBC}") = "Projeto.BLL.Test", "Projeto.BLL.Test\Projeto.BLL.Test.csproj", "{AECEC807-5367-4642-9CC0-E80254BAEF6D}"
EndProject
Global
	GlobalSection(SolutionConfigurationPlatforms) = preSolution
		Debug|Any CPU = Debug|Any CPU
		Release|Any CPU = Release|Any CPU
	EndGlobalSection
	GlobalSection(ProjectConfigurationPlatforms) = postSolution
		{61D8E812-76DB-4A0D-A35F-753D4634FD52}.Debug|Any CPU.ActiveCfg = Debug|Any CPU
		{61D8E812-76DB-4A0D-A35F-753D4634FD52}.Debug|Any CPU.Build.0 = Debug|Any CPU
		{61D8E812-76DB-4A0D-A35F-753D4634FD52}.Release|Any CPU.ActiveCfg = Release|Any CPU
		{61D8E812-76DB-4A0D-A35F-753D4634FD52}.Release|Any CPU.Build.0 = Release|Any CPU
		{B15E823B-15B7-47B0-A605-F149CAC90829}.Debug|Any CPU.ActiveCfg = Debug|Any CPU
		{B15E823B-15B7-47B0-A605-F149CAC90829}.Debug|Any CPU.Build.0 = Debug|Any CPU
		{B15E823B-15B7-47B0-A605-F149CAC90829}.Release|Any CPU.ActiveCfg = Release|Any CPU
		{B15E823B-15B7-47B0-A605-F149CAC90829}.Release|Any CPU.Build.0 = Release|Any CPU
		{5D54D0C8-A170-42CB-BB5B-0A6002F727AA}.Debug|Any CPU.ActiveCfg = Debug|Any CPU
		{5D54D0C8-A170-42CB-BB5B-0A6002F727AA}.Debug|Any CPU.Build.0 = Debug|Any CPU
		{5D54D0C8-A170-42CB-BB5B-0A6002F727AA}.Release|Any CPU.ActiveCfg = Release|Any CPU
		{5D54D0C8-A170-42CB-BB5B-0A6002F727AA}.Release|Any CPU.Build.0 = Release|Any CPU
		{CEC53098-488F-4EE7-BD90-62C56DAB6F81}.Debug|Any CPU.ActiveCfg = Debug|Any CPU
		{CEC53098-488F-4EE7-BD90-62C56DAB6F81}.Debug|Any CPU.Build.0 = Debug|Any CPU
		{CEC53098-488F-4EE7-BD90-62C56DAB6F81}.Release|Any CPU.ActiveCfg = Release|Any CPU
		{CEC53098-488F-4EE7-BD90-62C56DAB6F81}.Release|Any CPU.Build.0 = Release|Any CPU
		{31CF8EC2-9F1B-416A-99DE-FF3484712C93}.Debug|Any CPU.ActiveCfg = Debug|Any CPU
		{31CF8EC2-9F1B-416A-99DE-FF3484712C93}.Debug|Any CPU.Build.0 = Debug|Any CPU
		{31CF8EC2-9F1B-416A-99DE-FF3484712C93}.Release|Any CPU.ActiveCfg = Release|Any CPU
		{31CF8EC2-9F1B-416A-99DE-FF3484712C93}.Release|Any CPU.Build.0 = Release|Any CPU
		{AECEC807-5367-4642-9CC0-E80254BAEF6D}.Debug|Any CPU.ActiveCfg = Debug|Any CPU
		{AECEC807-5367-4642-9CC0-E80254BAEF6D}.Debug|Any CPU.Build.0 = Debug|Any CPU
		{AECEC807-5367-4642-9CC0-E80254BAEF6D}.Release|Any CPU.ActiveCfg = Release|Any CPU
		{AECEC807-5367-4642-9CC0-E80254BAEF6D}.Release|Any CPU.Build.0 = Release|Any CPU
	EndGlobalSection
	GlobalSection(SolutionProperties) = preSolution
		HideSolutionNode = FALSE
	EndGlobalSection
	GlobalSection(NestedProjects) = preSolution
		{12302D0C-6909-4ED0-B9BF-814EDB304520} = {35FD5D2D-CBA8-4C33-BC4E-5F823E702A5A}
		{64997614-1215-4117-A55D-A17D047CFC6B} = {35FD5D2D-CBA8-4C33-BC4E-5F823E702A5A}
		{72CACE66-558E-49AD-9664-49D75574A2B1} = {35FD5D2D-CBA8-4C33-BC4E-5F823E702A5A}
		{61D8E812-76DB-4A0D-A35F-753D4634FD52} = {94BD6383-F3A5-4464-9AF7-BF476A5AA4A8}
		{B15E823B-15B7-47B0-A605-F149CAC90829} = {12302D0C-6909-4ED0-B9BF-814EDB304520}
		{5D54D0C8-A170-42CB-BB5B-0A6002F727AA} = {72CACE66-558E-49AD-9664-49D75574A2B1}
		{CEC53098-488F-4EE7-BD90-62C56DAB6F81} = {64997614-1215-4117-A55D-A17D047CFC6B}
		{31CF8EC2-9F1B-416A-99DE-FF3484712C93} = {302DCDA8-D99C-4CDF-A678-4E15617E3FE8}
		{AECEC807-5367-4642-9CC0-E80254BAEF6D} = {64997614-1215-4117-A55D-A17D047CFC6B}
	EndGlobalSection
EndGlobal
