
Microsoft Visual Studio Solution File, Format Version 12.00
# Visual Studio 15
VisualStudioVersion = 15.0.26228.9
MinimumVisualStudioVersion = 10.0.40219.1
Project("{FAE04EC0-301F-11D3-BF4B-00C04F79EFBC}") = "Projeto01", "Projeto01\Projeto01.csproj", "{A1CBB2BB-1F97-4F54-8743-FB0ED2ACF2C5}"
EndProject
Project("{FAE04EC0-301F-11D3-BF4B-00C04F79EFBC}") = "Projeto02", "Projeto02\Projeto02.csproj", "{62B696A0-6DBF-47DD-92F8-F90489E1B10F}"
EndProject
Global
	GlobalSection(SolutionConfigurationPlatforms) = preSolution
		Debug|Any CPU = Debug|Any CPU
		Release|Any CPU = Release|Any CPU
	EndGlobalSection
	GlobalSection(ProjectConfigurationPlatforms) = postSolution
		{A1CBB2BB-1F97-4F54-8743-FB0ED2ACF2C5}.Debug|Any CPU.ActiveCfg = Debug|Any CPU
		{A1CBB2BB-1F97-4F54-8743-FB0ED2ACF2C5}.Debug|Any CPU.Build.0 = Debug|Any CPU
		{A1CBB2BB-1F97-4F54-8743-FB0ED2ACF2C5}.Release|Any CPU.ActiveCfg = Release|Any CPU
		{A1CBB2BB-1F97-4F54-8743-FB0ED2ACF2C5}.Release|Any CPU.Build.0 = Release|Any CPU
		{62B696A0-6DBF-47DD-92F8-F90489E1B10F}.Debug|Any CPU.ActiveCfg = Debug|Any CPU
		{62B696A0-6DBF-47DD-92F8-F90489E1B10F}.Debug|Any CPU.Build.0 = Debug|Any CPU
		{62B696A0-6DBF-47DD-92F8-F90489E1B10F}.Release|Any CPU.ActiveCfg = Release|Any CPU
		{62B696A0-6DBF-47DD-92F8-F90489E1B10F}.Release|Any CPU.Build.0 = Release|Any CPU
	EndGlobalSection
	GlobalSection(SolutionProperties) = preSolution
		HideSolutionNode = FALSE
	EndGlobalSection
EndGlobal
